
Microsoft Visual Studio Solution File, Format Version 12.00
# Visual Studio 2013
VisualStudioVersion = 12.0.30501.0
MinimumVisualStudioVersion = 10.0.40219.1
Project("{8BC9CEB8-8B4A-11D0-8D11-00A0C91BC942}") = "resolver", "resolver\resolver.vcxproj", "{16C7CC2F-ADB7-4F08-A2B2-66CA1BDC39CA}"
	ProjectSection(ProjectDependencies) = postProject
		{A8EE0710-0A8D-4910-BB42-2BD617A5AEAB} = {A8EE0710-0A8D-4910-BB42-2BD617A5AEAB}
	EndProjectSection
EndProject
Project("{8BC9CEB8-8B4A-11D0-8D11-00A0C91BC942}") = "eval_position", "eval_position\eval_position.vcxproj", "{02CB53ED-EB62-48A4-8E2C-2377379C3973}"
	ProjectSection(ProjectDependencies) = postProject
		{A8EE0710-0A8D-4910-BB42-2BD617A5AEAB} = {A8EE0710-0A8D-4910-BB42-2BD617A5AEAB}
	EndProjectSection
EndProject
Project("{8BC9CEB8-8B4A-11D0-8D11-00A0C91BC942}") = "clammbon", "clammbon\clammbon.vcxproj", "{A8EE0710-0A8D-4910-BB42-2BD617A5AEAB}"
EndProject
Project("{8BC9CEB8-8B4A-11D0-8D11-00A0C91BC942}") = "eval_movement", "eval_movement\eval_movement.vcxproj", "{5FD19C06-FF14-4B15-A465-3116556911F1}"
	ProjectSection(ProjectDependencies) = postProject
		{A8EE0710-0A8D-4910-BB42-2BD617A5AEAB} = {A8EE0710-0A8D-4910-BB42-2BD617A5AEAB}
	EndProjectSection
EndProject
Project("{8BC9CEB8-8B4A-11D0-8D11-00A0C91BC942}") = "eval_server", "eval_server\eval_server.vcxproj", "{A02096B9-461F-4395-80D0-FB709E764621}"
	ProjectSection(ProjectDependencies) = postProject
		{A8EE0710-0A8D-4910-BB42-2BD617A5AEAB} = {A8EE0710-0A8D-4910-BB42-2BD617A5AEAB}
	EndProjectSection
EndProject
Project("{8BC9CEB8-8B4A-11D0-8D11-00A0C91BC942}") = "test", "test\test.vcxproj", "{F69ACA58-ADD7-4585-8EA7-01D22C39C9B2}"
	ProjectSection(ProjectDependencies) = postProject
		{A8EE0710-0A8D-4910-BB42-2BD617A5AEAB} = {A8EE0710-0A8D-4910-BB42-2BD617A5AEAB}
	EndProjectSection
EndProject
Project("{8BC9CEB8-8B4A-11D0-8D11-00A0C91BC942}") = "prob_maker", "prob_maker\prob_maker.vcxproj", "{A1F96496-0C87-4677-9B1D-458FD74E15C2}"
EndProject
Global
	GlobalSection(SolutionConfigurationPlatforms) = preSolution
		Debug|Mixed Platforms = Debug|Mixed Platforms
		Debug|Win32 = Debug|Win32
		Debug|x64 = Debug|x64
		Release|Mixed Platforms = Release|Mixed Platforms
		Release|Win32 = Release|Win32
		Release|x64 = Release|x64
	EndGlobalSection
	GlobalSection(ProjectConfigurationPlatforms) = postSolution
		{16C7CC2F-ADB7-4F08-A2B2-66CA1BDC39CA}.Debug|Mixed Platforms.ActiveCfg = Debug|Win32
		{16C7CC2F-ADB7-4F08-A2B2-66CA1BDC39CA}.Debug|Mixed Platforms.Build.0 = Debug|Win32
		{16C7CC2F-ADB7-4F08-A2B2-66CA1BDC39CA}.Debug|Win32.ActiveCfg = Debug|Win32
		{16C7CC2F-ADB7-4F08-A2B2-66CA1BDC39CA}.Debug|Win32.Build.0 = Debug|Win32
		{16C7CC2F-ADB7-4F08-A2B2-66CA1BDC39CA}.Debug|x64.ActiveCfg = Debug|x64
		{16C7CC2F-ADB7-4F08-A2B2-66CA1BDC39CA}.Debug|x64.Build.0 = Debug|x64
		{16C7CC2F-ADB7-4F08-A2B2-66CA1BDC39CA}.Release|Mixed Platforms.ActiveCfg = Release|Win32
		{16C7CC2F-ADB7-4F08-A2B2-66CA1BDC39CA}.Release|Mixed Platforms.Build.0 = Release|Win32
		{16C7CC2F-ADB7-4F08-A2B2-66CA1BDC39CA}.Release|Win32.ActiveCfg = Release|Win32
		{16C7CC2F-ADB7-4F08-A2B2-66CA1BDC39CA}.Release|Win32.Build.0 = Release|Win32
		{16C7CC2F-ADB7-4F08-A2B2-66CA1BDC39CA}.Release|x64.ActiveCfg = Release|x64
		{16C7CC2F-ADB7-4F08-A2B2-66CA1BDC39CA}.Release|x64.Build.0 = Release|x64
		{02CB53ED-EB62-48A4-8E2C-2377379C3973}.Debug|Mixed Platforms.ActiveCfg = Debug|Win32
		{02CB53ED-EB62-48A4-8E2C-2377379C3973}.Debug|Mixed Platforms.Build.0 = Debug|Win32
		{02CB53ED-EB62-48A4-8E2C-2377379C3973}.Debug|Win32.ActiveCfg = Debug|Win32
		{02CB53ED-EB62-48A4-8E2C-2377379C3973}.Debug|Win32.Build.0 = Debug|Win32
		{02CB53ED-EB62-48A4-8E2C-2377379C3973}.Debug|x64.ActiveCfg = Debug|x64
		{02CB53ED-EB62-48A4-8E2C-2377379C3973}.Debug|x64.Build.0 = Debug|x64
		{02CB53ED-EB62-48A4-8E2C-2377379C3973}.Release|Mixed Platforms.ActiveCfg = Release|Win32
		{02CB53ED-EB62-48A4-8E2C-2377379C3973}.Release|Mixed Platforms.Build.0 = Release|Win32
		{02CB53ED-EB62-48A4-8E2C-2377379C3973}.Release|Win32.ActiveCfg = Release|Win32
		{02CB53ED-EB62-48A4-8E2C-2377379C3973}.Release|Win32.Build.0 = Release|Win32
		{02CB53ED-EB62-48A4-8E2C-2377379C3973}.Release|x64.ActiveCfg = Release|x64
		{02CB53ED-EB62-48A4-8E2C-2377379C3973}.Release|x64.Build.0 = Release|x64
		{A8EE0710-0A8D-4910-BB42-2BD617A5AEAB}.Debug|Mixed Platforms.ActiveCfg = Debug|Win32
		{A8EE0710-0A8D-4910-BB42-2BD617A5AEAB}.Debug|Mixed Platforms.Build.0 = Debug|Win32
		{A8EE0710-0A8D-4910-BB42-2BD617A5AEAB}.Debug|Win32.ActiveCfg = Debug|Win32
		{A8EE0710-0A8D-4910-BB42-2BD617A5AEAB}.Debug|Win32.Build.0 = Debug|Win32
		{A8EE0710-0A8D-4910-BB42-2BD617A5AEAB}.Debug|x64.ActiveCfg = Debug|x64
		{A8EE0710-0A8D-4910-BB42-2BD617A5AEAB}.Debug|x64.Build.0 = Debug|x64
		{A8EE0710-0A8D-4910-BB42-2BD617A5AEAB}.Release|Mixed Platforms.ActiveCfg = Release|Win32
		{A8EE0710-0A8D-4910-BB42-2BD617A5AEAB}.Release|Mixed Platforms.Build.0 = Release|Win32
		{A8EE0710-0A8D-4910-BB42-2BD617A5AEAB}.Release|Win32.ActiveCfg = Release|Win32
		{A8EE0710-0A8D-4910-BB42-2BD617A5AEAB}.Release|Win32.Build.0 = Release|Win32
		{A8EE0710-0A8D-4910-BB42-2BD617A5AEAB}.Release|x64.ActiveCfg = Release|x64
		{A8EE0710-0A8D-4910-BB42-2BD617A5AEAB}.Release|x64.Build.0 = Release|x64
		{5FD19C06-FF14-4B15-A465-3116556911F1}.Debug|Mixed Platforms.ActiveCfg = Debug|Win32
		{5FD19C06-FF14-4B15-A465-3116556911F1}.Debug|Mixed Platforms.Build.0 = Debug|Win32
		{5FD19C06-FF14-4B15-A465-3116556911F1}.Debug|Win32.ActiveCfg = Debug|Win32
		{5FD19C06-FF14-4B15-A465-3116556911F1}.Debug|Win32.Build.0 = Debug|Win32
		{5FD19C06-FF14-4B15-A465-3116556911F1}.Debug|x64.ActiveCfg = Debug|x64
		{5FD19C06-FF14-4B15-A465-3116556911F1}.Debug|x64.Build.0 = Debug|x64
		{5FD19C06-FF14-4B15-A465-3116556911F1}.Release|Mixed Platforms.ActiveCfg = Release|Win32
		{5FD19C06-FF14-4B15-A465-3116556911F1}.Release|Mixed Platforms.Build.0 = Release|Win32
		{5FD19C06-FF14-4B15-A465-3116556911F1}.Release|Win32.ActiveCfg = Release|Win32
		{5FD19C06-FF14-4B15-A465-3116556911F1}.Release|Win32.Build.0 = Release|Win32
		{5FD19C06-FF14-4B15-A465-3116556911F1}.Release|x64.ActiveCfg = Release|x64
		{5FD19C06-FF14-4B15-A465-3116556911F1}.Release|x64.Build.0 = Release|x64
		{A02096B9-461F-4395-80D0-FB709E764621}.Debug|Mixed Platforms.ActiveCfg = Debug|Win32
		{A02096B9-461F-4395-80D0-FB709E764621}.Debug|Mixed Platforms.Build.0 = Debug|Win32
		{A02096B9-461F-4395-80D0-FB709E764621}.Debug|Win32.ActiveCfg = Debug|Win32
		{A02096B9-461F-4395-80D0-FB709E764621}.Debug|Win32.Build.0 = Debug|Win32
		{A02096B9-461F-4395-80D0-FB709E764621}.Debug|x64.ActiveCfg = Debug|x64
		{A02096B9-461F-4395-80D0-FB709E764621}.Debug|x64.Build.0 = Debug|x64
		{A02096B9-461F-4395-80D0-FB709E764621}.Release|Mixed Platforms.ActiveCfg = Release|Win32
		{A02096B9-461F-4395-80D0-FB709E764621}.Release|Mixed Platforms.Build.0 = Release|Win32
		{A02096B9-461F-4395-80D0-FB709E764621}.Release|Win32.ActiveCfg = Release|Win32
		{A02096B9-461F-4395-80D0-FB709E764621}.Release|Win32.Build.0 = Release|Win32
		{A02096B9-461F-4395-80D0-FB709E764621}.Release|x64.ActiveCfg = Release|x64
		{A02096B9-461F-4395-80D0-FB709E764621}.Release|x64.Build.0 = Release|x64
		{F69ACA58-ADD7-4585-8EA7-01D22C39C9B2}.Debug|Mixed Platforms.ActiveCfg = Debug|Win32
		{F69ACA58-ADD7-4585-8EA7-01D22C39C9B2}.Debug|Mixed Platforms.Build.0 = Debug|Win32
		{F69ACA58-ADD7-4585-8EA7-01D22C39C9B2}.Debug|Win32.ActiveCfg = Debug|Win32
		{F69ACA58-ADD7-4585-8EA7-01D22C39C9B2}.Debug|Win32.Build.0 = Debug|Win32
		{F69ACA58-ADD7-4585-8EA7-01D22C39C9B2}.Debug|x64.ActiveCfg = Debug|x64
		{F69ACA58-ADD7-4585-8EA7-01D22C39C9B2}.Debug|x64.Build.0 = Debug|x64
		{F69ACA58-ADD7-4585-8EA7-01D22C39C9B2}.Release|Mixed Platforms.ActiveCfg = Release|Win32
		{F69ACA58-ADD7-4585-8EA7-01D22C39C9B2}.Release|Mixed Platforms.Build.0 = Release|Win32
		{F69ACA58-ADD7-4585-8EA7-01D22C39C9B2}.Release|Win32.ActiveCfg = Release|Win32
		{F69ACA58-ADD7-4585-8EA7-01D22C39C9B2}.Release|Win32.Build.0 = Release|Win32
		{F69ACA58-ADD7-4585-8EA7-01D22C39C9B2}.Release|x64.ActiveCfg = Release|x64
		{F69ACA58-ADD7-4585-8EA7-01D22C39C9B2}.Release|x64.Build.0 = Release|x64
		{A1F96496-0C87-4677-9B1D-458FD74E15C2}.Debug|Mixed Platforms.ActiveCfg = Debug|Win32
		{A1F96496-0C87-4677-9B1D-458FD74E15C2}.Debug|Mixed Platforms.Build.0 = Debug|Win32
		{A1F96496-0C87-4677-9B1D-458FD74E15C2}.Debug|Win32.ActiveCfg = Debug|Win32
		{A1F96496-0C87-4677-9B1D-458FD74E15C2}.Debug|Win32.Build.0 = Debug|Win32
		{A1F96496-0C87-4677-9B1D-458FD74E15C2}.Debug|x64.ActiveCfg = Debug|x64
		{A1F96496-0C87-4677-9B1D-458FD74E15C2}.Debug|x64.Build.0 = Debug|x64
		{A1F96496-0C87-4677-9B1D-458FD74E15C2}.Release|Mixed Platforms.ActiveCfg = Release|Win32
		{A1F96496-0C87-4677-9B1D-458FD74E15C2}.Release|Mixed Platforms.Build.0 = Release|Win32
		{A1F96496-0C87-4677-9B1D-458FD74E15C2}.Release|Win32.ActiveCfg = Release|Win32
		{A1F96496-0C87-4677-9B1D-458FD74E15C2}.Release|Win32.Build.0 = Release|Win32
		{A1F96496-0C87-4677-9B1D-458FD74E15C2}.Release|x64.ActiveCfg = Release|x64
		{A1F96496-0C87-4677-9B1D-458FD74E15C2}.Release|x64.Build.0 = Release|x64
	EndGlobalSection
	GlobalSection(SolutionProperties) = preSolution
		HideSolutionNode = FALSE
	EndGlobalSection
EndGlobal
