<?xml version="1.0" encoding="utf-8"?>
<Project ToolsVersion="4.0" xmlns="http://schemas.microsoft.com/developer/msbuild/2003">
  <ItemGroup>
    <Filter Include="ソース ファイル">
      <UniqueIdentifier>{4FC737F1-C7A5-4376-A066-2A32D752A2FF}</UniqueIdentifier>
      <Extensions>cpp;c;cc;cxx;def;odl;idl;hpj;bat;asm;asmx</Extensions>
    </Filter>
    <Filter Include="ヘッダー ファイル">
      <UniqueIdentifier>{93995380-89BD-4b04-88EB-625FBE52EBFB}</UniqueIdentifier>
      <Extensions>h;hh;hpp;hxx;hm;inl;inc;xsd</Extensions>
    </Filter>
    <Filter Include="リソース ファイル">
      <UniqueIdentifier>{67DA6AB6-F800-4c08-8B7A-83BB121AAD01}</UniqueIdentifier>
      <Extensions>rc;ico;cur;bmp;dlg;rc2;rct;bin;rgs;gif;jpg;jpeg;jpe;resx;tiff;tif;png;wav;mfcribbon-ms</Extensions>
    </Filter>
    <Filter Include="ソース ファイル\impl">
      <UniqueIdentifier>{a16b8b1f-cdf6-4628-a278-d099e32c1a80}</UniqueIdentifier>
    </Filter>
    <Filter Include="ソース ファイル\sort_algorithm">
      <UniqueIdentifier>{3a7c30cc-d9a5-4955-8d4d-117cd5971c91}</UniqueIdentifier>
    </Filter>
    <Filter Include="ヘッダー ファイル\sort_algorithm">
      <UniqueIdentifier>{6c6a079a-82af-4a32-acb9-04d66535bf21}</UniqueIdentifier>
    </Filter>
  </ItemGroup>
  <ItemGroup>
    <ClCompile Include="src\algorithm.cpp">
      <Filter>ソース ファイル</Filter>
    </ClCompile>
    <ClCompile Include="src\splitter.cpp">
      <Filter>ソース ファイル</Filter>
    </ClCompile>
    <ClCompile Include="src\ppm_reader.cpp">
      <Filter>ソース ファイル</Filter>
    </ClCompile>
    <ClCompile Include="src\gui.cpp">
      <Filter>ソース ファイル</Filter>
    </ClCompile>
    <ClCompile Include="src\sort_algorithm\adjacent.cpp">
      <Filter>ソース ファイル\sort_algorithm</Filter>
    </ClCompile>
    <ClCompile Include="src\sort_algorithm\yrange2.cpp">
      <Filter>ソース ファイル\sort_algorithm</Filter>
    </ClCompile>
    <ClCompile Include="src\sort_algorithm\genetic.cpp">
      <Filter>ソース ファイル\sort_algorithm</Filter>
    </ClCompile>
    <ClCompile Include="src\sort_algorithm\compare.cpp">
      <Filter>ソース ファイル\sort_algorithm</Filter>
    </ClCompile>
    <ClCompile Include="src\test_tool.cpp">
      <Filter>ソース ファイル</Filter>
    </ClCompile>
    <ClCompile Include="src\network.cpp">
      <Filter>ソース ファイル</Filter>
    </ClCompile>
    <ClCompile Include="src\sort_algorithm\yrange5.cpp">
      <Filter>ソース ファイル\sort_algorithm</Filter>
    </ClCompile>
    <ClCompile Include="src\sort_algorithm\Murakami.cpp">
      <Filter>ソース ファイル</Filter>
    </ClCompile>
    <ClCompile Include="src\algorithm_2.cpp">
      <Filter>ソース ファイル</Filter>
    </ClCompile>
    <ClCompile Include="src\charles.cpp">
      <Filter>ソース ファイル</Filter>
    </ClCompile>
    <ClCompile Include="src\truncater.cpp">
      <Filter>ソース ファイル\sort_algorithm</Filter>
    </ClCompile>
  </ItemGroup>
  <ItemGroup>
    <ClInclude Include="include\gui.hpp">
      <Filter>ヘッダー ファイル</Filter>
    </ClInclude>
    <ClInclude Include="include\algorithm.hpp">
      <Filter>ヘッダー ファイル</Filter>
    </ClInclude>
    <ClInclude Include="include\data_type.hpp">
      <Filter>ヘッダー ファイル</Filter>
    </ClInclude>
    <ClInclude Include="include\pixel_sorter.hpp">
      <Filter>ヘッダー ファイル</Filter>
    </ClInclude>
    <ClInclude Include="include\ppm_reader.hpp">
      <Filter>ヘッダー ファイル</Filter>
    </ClInclude>
    <ClInclude Include="include\splitter.hpp">
      <Filter>ヘッダー ファイル</Filter>
    </ClInclude>
    <ClInclude Include="include\sort_algorithm\genetic.hpp">
      <Filter>ヘッダー ファイル\sort_algorithm</Filter>
    </ClInclude>
    <ClInclude Include="include\sort_algorithm\yrange2.hpp">
      <Filter>ヘッダー ファイル\sort_algorithm</Filter>
    </ClInclude>
    <ClInclude Include="include\sort_algorithm\adjacent.hpp">
      <Filter>ヘッダー ファイル\sort_algorithm</Filter>
    </ClInclude>
    <ClInclude Include="include\sort_algorithm\compare.hpp">
      <Filter>ヘッダー ファイル\sort_algorithm</Filter>
    </ClInclude>
    <ClInclude Include="include\test_tool.hpp">
      <Filter>ヘッダー ファイル</Filter>
    </ClInclude>
    <ClInclude Include="include\network.hpp">
      <Filter>ヘッダー ファイル</Filter>
    </ClInclude>
    <ClInclude Include="include\sort_algorithm\yrange5.hpp">
      <Filter>ヘッダー ファイル\sort_algorithm</Filter>
    </ClInclude>
    <ClInclude Include="include\algorithm_2.hpp">
      <Filter>ヘッダー ファイル</Filter>
    </ClInclude>
    <ClInclude Include="include\sort_algorithm\Murakami.hpp">
      <Filter>ヘッダー ファイル\sort_algorithm</Filter>
    </ClInclude>
    <ClInclude Include="include\charles.hpp">
      <Filter>ヘッダー ファイル</Filter>
    </ClInclude>
    <ClInclude Include="include\truncater.hpp">
      <Filter>ヘッダー ファイル</Filter>
    </ClInclude>
  </ItemGroup>
  <ItemGroup>
    <None Include="src\impl\gui_move.ipp">
      <Filter>ソース ファイル\impl</Filter>
    </None>
  </ItemGroup>
</Project>